
Microsoft Visual Studio Solution File, Format Version 12.00
# Visual Studio 15
VisualStudioVersion = 15.0.28307.421
MinimumVisualStudioVersion = 10.0.40219.1
Project("{FAE04EC0-301F-11D3-BF4B-00C04F79EFBC}") = "Lab04_PabloArreaga_1331818", "Lab04_PabloArreaga_1331818\Lab04_PabloArreaga_1331818.csproj", "{140F6D25-5211-4989-A312-1FD5FFA6C77E}"
EndProject
Global
	GlobalSection(SolutionConfigurationPlatforms) = preSolution
		Debug|Any CPU = Debug|Any CPU
		Release|Any CPU = Release|Any CPU
	EndGlobalSection
	GlobalSection(ProjectConfigurationPlatforms) = postSolution
		{140F6D25-5211-4989-A312-1FD5FFA6C77E}.Debug|Any CPU.ActiveCfg = Debug|Any CPU
		{140F6D25-5211-4989-A312-1FD5FFA6C77E}.Debug|Any CPU.Build.0 = Debug|Any CPU
		{140F6D25-5211-4989-A312-1FD5FFA6C77E}.Release|Any CPU.ActiveCfg = Release|Any CPU
		{140F6D25-5211-4989-A312-1FD5FFA6C77E}.Release|Any CPU.Build.0 = Release|Any CPU
	EndGlobalSection
	GlobalSection(SolutionProperties) = preSolution
		HideSolutionNode = FALSE
	EndGlobalSection
	GlobalSection(ExtensibilityGlobals) = postSolution
		SolutionGuid = {E3E48125-B615-437E-9C2C-9034B476D4F5}
	EndGlobalSection
EndGlobal
